
Microsoft Visual Studio Solution File, Format Version 12.00
# Visual Studio Version 16
VisualStudioVersion = 16.0.30611.23
MinimumVisualStudioVersion = 10.0.40219.1
Project("{FAE04EC0-301F-11D3-BF4B-00C04F79EFBC}") = "LoadBalanceProject", "LoadBalanceProject.csproj", "{A6E8920B-F66C-4584-AB33-D264E802361B}"
EndProject
Global
	GlobalSection(SolutionConfigurationPlatforms) = preSolution
		Debug|Any CPU = Debug|Any CPU
		Release|Any CPU = Release|Any CPU
	EndGlobalSection
	GlobalSection(ProjectConfigurationPlatforms) = postSolution
		{A6E8920B-F66C-4584-AB33-D264E802361B}.Debug|Any CPU.ActiveCfg = Debug|Any CPU
		{A6E8920B-F66C-4584-AB33-D264E802361B}.Debug|Any CPU.Build.0 = Debug|Any CPU
		{A6E8920B-F66C-4584-AB33-D264E802361B}.Release|Any CPU.ActiveCfg = Release|Any CPU
		{A6E8920B-F66C-4584-AB33-D264E802361B}.Release|Any CPU.Build.0 = Release|Any CPU
	EndGlobalSection
	GlobalSection(SolutionProperties) = preSolution
		HideSolutionNode = FALSE
	EndGlobalSection
	GlobalSection(ExtensibilityGlobals) = postSolution
		SolutionGuid = {359855BB-7942-4ABD-BA70-385D502FB18A}
	EndGlobalSection
EndGlobal
